{
  "name": "commonmark",
  "version": "1.0.0",
  "lockfileVersion": 1,
  "requires": true,
  "dependencies": {
    "commonmark": {
      "version": "0.27.0",
      "resolved": "http://registry.npm.taobao.org/commonmark/download/commonmark-0.27.0.tgz",
      "integrity": "sha1-2GwmK5YoIelIPGnFR7xYhAwEezQ=",
      "requires": {
        "entities": "1.1.1",
        "mdurl": "1.0.1",
        "minimist": "1.2.0",
        "string.prototype.repeat": "0.2.0"
      },
      "dependencies": {
        "minimist": {
          "version": "1.2.0",
          "resolved": "http://registry.npm.taobao.org/minimist/download/minimist-1.2.0.tgz",
          "integrity": "sha1-o1AIsg9BOD7sH7kU9M1d95omQoQ="
        }
      }
    },
    "entities": {
      "version": "1.1.1",
      "resolved": "http://registry.npm.taobao.org/entities/download/entities-1.1.1.tgz",
      "integrity": "sha1-blwtClYhtdra7O+AuQ7ftc13cvA="
    },
    "mdurl": {
      "version": "1.0.1",
      "resolved": "http://registry.npm.taobao.org/mdurl/download/mdurl-1.0.1.tgz",
      "integrity": "sha1-/oWy7HWlkDfyrf7BAP1sYBdhFS4="
    },
    "string.prototype.repeat": {
      "version": "0.2.0",
      "resolved": "http://registry.npm.taobao.org/string.prototype.repeat/download/string.prototype.repeat-0.2.0.tgz",
      "integrity": "sha1-q6Nt4I3O5qWjN9SbLqHaGyj8Ds8="
    }
  }
}
